<?xml version="1.0" encoding="utf-8"?>
<Project ToolsVersion="4.0" xmlns="http://schemas.microsoft.com/developer/msbuild/2003">
  <ItemGroup>
    <Filter Include="Source Files">
      <UniqueIdentifier>{4FC737F1-C7A5-4376-A066-2A32D752A2FF}</UniqueIdentifier>
      <Extensions>cpp;c;cc;cxx;def;odl;idl;hpj;bat;asm;asmx</Extensions>
    </Filter>
    <Filter Include="Header Files">
      <UniqueIdentifier>{93995380-89BD-4b04-88EB-625FBE52EBFB}</UniqueIdentifier>
      <Extensions>h;hh;hpp;hxx;hm;inl;inc;ipp;xsd</Extensions>
    </Filter>
    <Filter Include="Resource Files">
      <UniqueIdentifier>{67DA6AB6-F800-4c08-8B7A-83BB121AAD01}</UniqueIdentifier>
      <Extensions>rc;ico;cur;bmp;dlg;rc2;rct;bin;rgs;gif;jpg;jpeg;jpe;resx;tiff;tif;png;wav;mfcribbon-ms</Extensions>
    </Filter>
    <Filter Include="Shared">
      <UniqueIdentifier>{9f92a8c5-b181-4fe1-892a-ed38d70d4fd1}</UniqueIdentifier>
    </Filter>
    <Filter Include="Core">
      <UniqueIdentifier>{38c8bdd6-f6b4-434e-8a1b-7a393220290e}</UniqueIdentifier>
    </Filter>
  </ItemGroup>
  <ItemGroup>
    <ClCompile Include="Runtime.cpp">
      <Filter>Source Files</Filter>
    </ClCompile>
    <ClCompile Include="Add.cpp">
      <Filter>Core</Filter>
    </ClCompile>
    <ClCompile Include="Intcnst.cpp">
      <Filter>Core</Filter>
    </ClCompile>
    <ClCompile Include="Func.cpp">
      <Filter>Core</Filter>
    </ClCompile>
    <ClCompile Include="Funcdef.cpp">
      <Filter>Core</Filter>
    </ClCompile>
  </ItemGroup>
  <ItemGroup>
    <ClInclude Include="..\Includes\AST.h">
      <Filter>Shared</Filter>
    </ClInclude>
    <ClInclude Include="..\Includes\Exception.h">
      <Filter>Shared</Filter>
    </ClInclude>
    <ClInclude Include="..\Includes\Grammar.h">
      <Filter>Shared</Filter>
    </ClInclude>
    <ClInclude Include="..\Includes\Runtime.h">
      <Filter>Shared</Filter>
    </ClInclude>
    <ClInclude Include="..\Includes\Value.h">
      <Filter>Shared</Filter>
    </ClInclude>
    <ClInclude Include="RuntimeInternal.h">
      <Filter>Core</Filter>
    </ClInclude>
  </ItemGroup>
</Project>